
Microsoft Visual Studio Solution File, Format Version 12.00
# Visual Studio Version 17
VisualStudioVersion = 17.4.33122.133
MinimumVisualStudioVersion = 10.0.40219.1
Project("{888888A0-9F3D-457C-B088-3A5042F75D52}") = "PraktilineTooDEF", "PraktilineTooDEF.pyproj", "{AAB32CD2-ED07-4DEA-BE50-53FA127FF804}"
EndProject
Global
	GlobalSection(SolutionConfigurationPlatforms) = preSolution
		Debug|Any CPU = Debug|Any CPU
		Release|Any CPU = Release|Any CPU
	EndGlobalSection
	GlobalSection(ProjectConfigurationPlatforms) = postSolution
		{AAB32CD2-ED07-4DEA-BE50-53FA127FF804}.Debug|Any CPU.ActiveCfg = Debug|Any CPU
		{AAB32CD2-ED07-4DEA-BE50-53FA127FF804}.Release|Any CPU.ActiveCfg = Release|Any CPU
	EndGlobalSection
	GlobalSection(SolutionProperties) = preSolution
		HideSolutionNode = FALSE
	EndGlobalSection
	GlobalSection(ExtensibilityGlobals) = postSolution
		SolutionGuid = {B985DE50-D09C-4BA8-8204-01B424A8A2EC}
	EndGlobalSection
EndGlobal
